
Microsoft Visual Studio Solution File, Format Version 12.00
# Visual Studio 15
VisualStudioVersion = 15.0.28307.1000
MinimumVisualStudioVersion = 10.0.40219.1
Project("{FAE04EC0-301F-11D3-BF4B-00C04F79EFBC}") = "WebAppCore", "WebAppCore\WebAppCore.csproj", "{F9740C05-7DAF-4C57-9490-7C2BCC8FE912}"
EndProject
Global
	GlobalSection(SolutionConfigurationPlatforms) = preSolution
		Debug|Any CPU = Debug|Any CPU
		Release|Any CPU = Release|Any CPU
	EndGlobalSection
	GlobalSection(ProjectConfigurationPlatforms) = postSolution
		{F9740C05-7DAF-4C57-9490-7C2BCC8FE912}.Debug|Any CPU.ActiveCfg = Debug|Any CPU
		{F9740C05-7DAF-4C57-9490-7C2BCC8FE912}.Debug|Any CPU.Build.0 = Debug|Any CPU
		{F9740C05-7DAF-4C57-9490-7C2BCC8FE912}.Release|Any CPU.ActiveCfg = Release|Any CPU
		{F9740C05-7DAF-4C57-9490-7C2BCC8FE912}.Release|Any CPU.Build.0 = Release|Any CPU
	EndGlobalSection
	GlobalSection(SolutionProperties) = preSolution
		HideSolutionNode = FALSE
	EndGlobalSection
	GlobalSection(ExtensibilityGlobals) = postSolution
		SolutionGuid = {446B4549-17B2-44EE-99F1-ED20548C75AA}
	EndGlobalSection
EndGlobal
